
Microsoft Visual Studio Solution File, Format Version 12.00
# Visual Studio 15
VisualStudioVersion = 15.0.27004.2002
MinimumVisualStudioVersion = 10.0.40219.1
Project("{9A19103F-16F7-4668-BE54-9A1E7A4F7556}") = "001.Memory", "001.Memory\001.Memory.csproj", "{DE8652C3-60A3-49ED-8F4E-FEBCA3B04030}"
EndProject
Project("{9A19103F-16F7-4668-BE54-9A1E7A4F7556}") = "002.Json", "002.Json\002.Json.csproj", "{2EC0D5FA-DFDE-44DE-95B0-CC1A44F3A760}"
EndProject
Project("{9A19103F-16F7-4668-BE54-9A1E7A4F7556}") = "003.EnvironmentVariables", "003.EnvironmentVariables\003.EnvironmentVariables.csproj", "{FDE39BFC-E84A-4D71-9758-DBC95963FCE9}"
EndProject
Project("{9A19103F-16F7-4668-BE54-9A1E7A4F7556}") = "004.Ini", "004.Ini\004.Ini.csproj", "{5DB96BA2-E45D-41DC-98F2-75D0FD111E53}"
EndProject
Project("{9A19103F-16F7-4668-BE54-9A1E7A4F7556}") = "005.Xml", "005.Xml\005.Xml.csproj", "{CB9A2DDA-9446-4178-A9B9-3C43D6561875}"
EndProject
Project("{FAE04EC0-301F-11D3-BF4B-00C04F79EFBC}") = "006.Multiple", "006.Multiple\006.Multiple.csproj", "{5850BDB5-DF04-41F9-9151-4D4C5C700E1B}"
EndProject
Global
	GlobalSection(SolutionConfigurationPlatforms) = preSolution
		Debug|Any CPU = Debug|Any CPU
		Release|Any CPU = Release|Any CPU
	EndGlobalSection
	GlobalSection(ProjectConfigurationPlatforms) = postSolution
		{DE8652C3-60A3-49ED-8F4E-FEBCA3B04030}.Debug|Any CPU.ActiveCfg = Debug|Any CPU
		{DE8652C3-60A3-49ED-8F4E-FEBCA3B04030}.Debug|Any CPU.Build.0 = Debug|Any CPU
		{DE8652C3-60A3-49ED-8F4E-FEBCA3B04030}.Release|Any CPU.ActiveCfg = Release|Any CPU
		{DE8652C3-60A3-49ED-8F4E-FEBCA3B04030}.Release|Any CPU.Build.0 = Release|Any CPU
		{2EC0D5FA-DFDE-44DE-95B0-CC1A44F3A760}.Debug|Any CPU.ActiveCfg = Debug|Any CPU
		{2EC0D5FA-DFDE-44DE-95B0-CC1A44F3A760}.Debug|Any CPU.Build.0 = Debug|Any CPU
		{2EC0D5FA-DFDE-44DE-95B0-CC1A44F3A760}.Release|Any CPU.ActiveCfg = Release|Any CPU
		{2EC0D5FA-DFDE-44DE-95B0-CC1A44F3A760}.Release|Any CPU.Build.0 = Release|Any CPU
		{FDE39BFC-E84A-4D71-9758-DBC95963FCE9}.Debug|Any CPU.ActiveCfg = Debug|Any CPU
		{FDE39BFC-E84A-4D71-9758-DBC95963FCE9}.Debug|Any CPU.Build.0 = Debug|Any CPU
		{FDE39BFC-E84A-4D71-9758-DBC95963FCE9}.Release|Any CPU.ActiveCfg = Release|Any CPU
		{FDE39BFC-E84A-4D71-9758-DBC95963FCE9}.Release|Any CPU.Build.0 = Release|Any CPU
		{5DB96BA2-E45D-41DC-98F2-75D0FD111E53}.Debug|Any CPU.ActiveCfg = Debug|Any CPU
		{5DB96BA2-E45D-41DC-98F2-75D0FD111E53}.Debug|Any CPU.Build.0 = Debug|Any CPU
		{5DB96BA2-E45D-41DC-98F2-75D0FD111E53}.Release|Any CPU.ActiveCfg = Release|Any CPU
		{5DB96BA2-E45D-41DC-98F2-75D0FD111E53}.Release|Any CPU.Build.0 = Release|Any CPU
		{CB9A2DDA-9446-4178-A9B9-3C43D6561875}.Debug|Any CPU.ActiveCfg = Debug|Any CPU
		{CB9A2DDA-9446-4178-A9B9-3C43D6561875}.Debug|Any CPU.Build.0 = Debug|Any CPU
		{CB9A2DDA-9446-4178-A9B9-3C43D6561875}.Release|Any CPU.ActiveCfg = Release|Any CPU
		{CB9A2DDA-9446-4178-A9B9-3C43D6561875}.Release|Any CPU.Build.0 = Release|Any CPU
		{5850BDB5-DF04-41F9-9151-4D4C5C700E1B}.Debug|Any CPU.ActiveCfg = Debug|Any CPU
		{5850BDB5-DF04-41F9-9151-4D4C5C700E1B}.Debug|Any CPU.Build.0 = Debug|Any CPU
		{5850BDB5-DF04-41F9-9151-4D4C5C700E1B}.Release|Any CPU.ActiveCfg = Release|Any CPU
		{5850BDB5-DF04-41F9-9151-4D4C5C700E1B}.Release|Any CPU.Build.0 = Release|Any CPU
	EndGlobalSection
	GlobalSection(SolutionProperties) = preSolution
		HideSolutionNode = FALSE
	EndGlobalSection
	GlobalSection(ExtensibilityGlobals) = postSolution
		SolutionGuid = {5C0797AA-2116-46C8-A8D9-84F7FC3C1850}
	EndGlobalSection
EndGlobal
