
Microsoft Visual Studio Solution File, Format Version 12.00
# Visual Studio 15
VisualStudioVersion = 15.0.27004.2002
MinimumVisualStudioVersion = 10.0.40219.1
Project("{FAE04EC0-301F-11D3-BF4B-00C04F79EFBC}") = "001.Routing", "001.Routing\001.Routing.csproj", "{0A8106A1-A069-4D94-8ADF-7550F09B864E}"
EndProject
Project("{FAE04EC0-301F-11D3-BF4B-00C04F79EFBC}") = "002.Routing", "002.Routing\002.Routing.csproj", "{4782995E-EFFB-4F27-B471-0163F7728A62}"
EndProject
Global
	GlobalSection(SolutionConfigurationPlatforms) = preSolution
		Debug|Any CPU = Debug|Any CPU
		Release|Any CPU = Release|Any CPU
	EndGlobalSection
	GlobalSection(ProjectConfigurationPlatforms) = postSolution
		{0A8106A1-A069-4D94-8ADF-7550F09B864E}.Debug|Any CPU.ActiveCfg = Debug|Any CPU
		{0A8106A1-A069-4D94-8ADF-7550F09B864E}.Debug|Any CPU.Build.0 = Debug|Any CPU
		{0A8106A1-A069-4D94-8ADF-7550F09B864E}.Release|Any CPU.ActiveCfg = Release|Any CPU
		{0A8106A1-A069-4D94-8ADF-7550F09B864E}.Release|Any CPU.Build.0 = Release|Any CPU
		{4782995E-EFFB-4F27-B471-0163F7728A62}.Debug|Any CPU.ActiveCfg = Debug|Any CPU
		{4782995E-EFFB-4F27-B471-0163F7728A62}.Debug|Any CPU.Build.0 = Debug|Any CPU
		{4782995E-EFFB-4F27-B471-0163F7728A62}.Release|Any CPU.ActiveCfg = Release|Any CPU
		{4782995E-EFFB-4F27-B471-0163F7728A62}.Release|Any CPU.Build.0 = Release|Any CPU
		{2E635FA1-41E7-4C03-8338-CF693BDB1025}.Debug|Any CPU.ActiveCfg = Debug|Any CPU
		{2E635FA1-41E7-4C03-8338-CF693BDB1025}.Debug|Any CPU.Build.0 = Debug|Any CPU
		{2E635FA1-41E7-4C03-8338-CF693BDB1025}.Release|Any CPU.ActiveCfg = Release|Any CPU
		{2E635FA1-41E7-4C03-8338-CF693BDB1025}.Release|Any CPU.Build.0 = Release|Any CPU
	EndGlobalSection
	GlobalSection(SolutionProperties) = preSolution
		HideSolutionNode = FALSE
	EndGlobalSection
	GlobalSection(ExtensibilityGlobals) = postSolution
		SolutionGuid = {3F0B116D-869F-43D8-8E23-506E393FFA7D}
	EndGlobalSection
EndGlobal
