
Microsoft Visual Studio Solution File, Format Version 12.00
# Visual Studio 15
VisualStudioVersion = 15.0.27004.2002
MinimumVisualStudioVersion = 10.0.40219.1
Project("{FAE04EC0-301F-11D3-BF4B-00C04F79EFBC}") = "001.GetSection", "001.GetSection\001.GetSection.csproj", "{3A6FE918-CE9E-45D8-A577-ABE8BFABD938}"
EndProject
Project("{FAE04EC0-301F-11D3-BF4B-00C04F79EFBC}") = "002.GetChildren", "002.GetChildren\002.GetChildren.csproj", "{29DCE32C-CE0E-42A5-8B01-0DB22E86D0D3}"
EndProject
Global
	GlobalSection(SolutionConfigurationPlatforms) = preSolution
		Debug|Any CPU = Debug|Any CPU
		Release|Any CPU = Release|Any CPU
	EndGlobalSection
	GlobalSection(ProjectConfigurationPlatforms) = postSolution
		{3A6FE918-CE9E-45D8-A577-ABE8BFABD938}.Debug|Any CPU.ActiveCfg = Debug|Any CPU
		{3A6FE918-CE9E-45D8-A577-ABE8BFABD938}.Debug|Any CPU.Build.0 = Debug|Any CPU
		{3A6FE918-CE9E-45D8-A577-ABE8BFABD938}.Release|Any CPU.ActiveCfg = Release|Any CPU
		{3A6FE918-CE9E-45D8-A577-ABE8BFABD938}.Release|Any CPU.Build.0 = Release|Any CPU
		{29DCE32C-CE0E-42A5-8B01-0DB22E86D0D3}.Debug|Any CPU.ActiveCfg = Debug|Any CPU
		{29DCE32C-CE0E-42A5-8B01-0DB22E86D0D3}.Debug|Any CPU.Build.0 = Debug|Any CPU
		{29DCE32C-CE0E-42A5-8B01-0DB22E86D0D3}.Release|Any CPU.ActiveCfg = Release|Any CPU
		{29DCE32C-CE0E-42A5-8B01-0DB22E86D0D3}.Release|Any CPU.Build.0 = Release|Any CPU
	EndGlobalSection
	GlobalSection(SolutionProperties) = preSolution
		HideSolutionNode = FALSE
	EndGlobalSection
	GlobalSection(ExtensibilityGlobals) = postSolution
		SolutionGuid = {4E0DDA10-2E61-4DE1-9B78-1BE37E374332}
	EndGlobalSection
EndGlobal
