
Microsoft Visual Studio Solution File, Format Version 12.00
# Visual Studio 15
VisualStudioVersion = 15.0.27004.2002
MinimumVisualStudioVersion = 10.0.40219.1
Project("{9A19103F-16F7-4668-BE54-9A1E7A4F7556}") = "01.Structure", "01.Structure\01.Structure.csproj", "{DC0F34DF-1CC7-4970-810F-B786D49E12B1}"
EndProject
Project("{9A19103F-16F7-4668-BE54-9A1E7A4F7556}") = "03.Middleware", "03.Middleware\03.Middleware.csproj", "{80DBBA78-1BF4-4849-8D27-023E1590B6C1}"
EndProject
Project("{9A19103F-16F7-4668-BE54-9A1E7A4F7556}") = "04.MiddlewareLifeCycle", "04.MiddlewareLifeCycle\04.MiddlewareLifeCycle.csproj", "{FD93A7B1-8B1F-4ED5-83F5-F9A0A590309D}"
EndProject
Project("{9A19103F-16F7-4668-BE54-9A1E7A4F7556}") = "05.OwnMiddlewareComponent", "05.OwnMiddlewareComponent\05.OwnMiddlewareComponent.csproj", "{5C6D1EE9-7FEB-467D-9EEA-7341F0D2FC7B}"
EndProject
Project("{FAE04EC0-301F-11D3-BF4B-00C04F79EFBC}") = "02.Logging", "02.Logging\02.Logging.csproj", "{B4F606C3-A2DD-4012-97E3-817312E55AF8}"
EndProject
Global
	GlobalSection(SolutionConfigurationPlatforms) = preSolution
		Debug|Any CPU = Debug|Any CPU
		Release|Any CPU = Release|Any CPU
	EndGlobalSection
	GlobalSection(ProjectConfigurationPlatforms) = postSolution
		{DC0F34DF-1CC7-4970-810F-B786D49E12B1}.Debug|Any CPU.ActiveCfg = Debug|Any CPU
		{DC0F34DF-1CC7-4970-810F-B786D49E12B1}.Debug|Any CPU.Build.0 = Debug|Any CPU
		{DC0F34DF-1CC7-4970-810F-B786D49E12B1}.Release|Any CPU.ActiveCfg = Release|Any CPU
		{DC0F34DF-1CC7-4970-810F-B786D49E12B1}.Release|Any CPU.Build.0 = Release|Any CPU
		{80DBBA78-1BF4-4849-8D27-023E1590B6C1}.Debug|Any CPU.ActiveCfg = Debug|Any CPU
		{80DBBA78-1BF4-4849-8D27-023E1590B6C1}.Debug|Any CPU.Build.0 = Debug|Any CPU
		{80DBBA78-1BF4-4849-8D27-023E1590B6C1}.Release|Any CPU.ActiveCfg = Release|Any CPU
		{80DBBA78-1BF4-4849-8D27-023E1590B6C1}.Release|Any CPU.Build.0 = Release|Any CPU
		{FD93A7B1-8B1F-4ED5-83F5-F9A0A590309D}.Debug|Any CPU.ActiveCfg = Debug|Any CPU
		{FD93A7B1-8B1F-4ED5-83F5-F9A0A590309D}.Debug|Any CPU.Build.0 = Debug|Any CPU
		{FD93A7B1-8B1F-4ED5-83F5-F9A0A590309D}.Release|Any CPU.ActiveCfg = Release|Any CPU
		{FD93A7B1-8B1F-4ED5-83F5-F9A0A590309D}.Release|Any CPU.Build.0 = Release|Any CPU
		{5C6D1EE9-7FEB-467D-9EEA-7341F0D2FC7B}.Debug|Any CPU.ActiveCfg = Debug|Any CPU
		{5C6D1EE9-7FEB-467D-9EEA-7341F0D2FC7B}.Debug|Any CPU.Build.0 = Debug|Any CPU
		{5C6D1EE9-7FEB-467D-9EEA-7341F0D2FC7B}.Release|Any CPU.ActiveCfg = Release|Any CPU
		{5C6D1EE9-7FEB-467D-9EEA-7341F0D2FC7B}.Release|Any CPU.Build.0 = Release|Any CPU
		{B4F606C3-A2DD-4012-97E3-817312E55AF8}.Debug|Any CPU.ActiveCfg = Debug|Any CPU
		{B4F606C3-A2DD-4012-97E3-817312E55AF8}.Debug|Any CPU.Build.0 = Debug|Any CPU
		{B4F606C3-A2DD-4012-97E3-817312E55AF8}.Release|Any CPU.ActiveCfg = Release|Any CPU
		{B4F606C3-A2DD-4012-97E3-817312E55AF8}.Release|Any CPU.Build.0 = Release|Any CPU
	EndGlobalSection
	GlobalSection(SolutionProperties) = preSolution
		HideSolutionNode = FALSE
	EndGlobalSection
	GlobalSection(ExtensibilityGlobals) = postSolution
		SolutionGuid = {FA039B80-5016-42FF-AD1C-AA83ADBEC388}
	EndGlobalSection
EndGlobal
