
Microsoft Visual Studio Solution File, Format Version 12.00
# Visual Studio 15
VisualStudioVersion = 15.0.27004.2002
MinimumVisualStudioVersion = 10.0.40219.1
Project("{FAE04EC0-301F-11D3-BF4B-00C04F79EFBC}") = "001.Configuration", "001.Configuration\001.Configuration.csproj", "{BA2AFC77-BC33-4323-A15C-E7ECB1B03711}"
EndProject
Project("{FAE04EC0-301F-11D3-BF4B-00C04F79EFBC}") = "002.Configuration", "002.Configuration\002.Configuration.csproj", "{27F49A9B-768A-4E4C-B7F0-BA2424C97CC7}"
EndProject
Global
	GlobalSection(SolutionConfigurationPlatforms) = preSolution
		Debug|Any CPU = Debug|Any CPU
		Release|Any CPU = Release|Any CPU
	EndGlobalSection
	GlobalSection(ProjectConfigurationPlatforms) = postSolution
		{BA2AFC77-BC33-4323-A15C-E7ECB1B03711}.Debug|Any CPU.ActiveCfg = Debug|Any CPU
		{BA2AFC77-BC33-4323-A15C-E7ECB1B03711}.Debug|Any CPU.Build.0 = Debug|Any CPU
		{BA2AFC77-BC33-4323-A15C-E7ECB1B03711}.Release|Any CPU.ActiveCfg = Release|Any CPU
		{BA2AFC77-BC33-4323-A15C-E7ECB1B03711}.Release|Any CPU.Build.0 = Release|Any CPU
		{27F49A9B-768A-4E4C-B7F0-BA2424C97CC7}.Debug|Any CPU.ActiveCfg = Debug|Any CPU
		{27F49A9B-768A-4E4C-B7F0-BA2424C97CC7}.Debug|Any CPU.Build.0 = Debug|Any CPU
		{27F49A9B-768A-4E4C-B7F0-BA2424C97CC7}.Release|Any CPU.ActiveCfg = Release|Any CPU
		{27F49A9B-768A-4E4C-B7F0-BA2424C97CC7}.Release|Any CPU.Build.0 = Release|Any CPU
	EndGlobalSection
	GlobalSection(SolutionProperties) = preSolution
		HideSolutionNode = FALSE
	EndGlobalSection
	GlobalSection(ExtensibilityGlobals) = postSolution
		SolutionGuid = {93D567F2-5C84-4226-B24E-306C449919F7}
	EndGlobalSection
EndGlobal
